// !$*UTF8*$!
{
	archiveVersion = 1;
	classes = {
	};
	objectVersion = 50;
	objects = {

/* Begin PBXBuildFile section */
		4F113F1020A6B17B00BB0FAB /* VideoPreviewer.framework in Frameworks */ = {isa = PBXBuildFile; fileRef = 4FF66F3C20A57A0F0083DB0A /* VideoPreviewer.framework */; };
		4F113F1620A6B18400BB0FAB /* VideoFrame.swift in Sources */ = {isa = PBXBuildFile; fileRef = 4FCBA98620A5D52C0073C605 /* VideoFrame.swift */; };
		4F113F1720A6B18700BB0FAB /* VideoPreviewerH264Parser.swift in Sources */ = {isa = PBXBuildFile; fileRef = 4FCBA98420A5D3F50073C605 /* VideoPreviewerH264Parser.swift */; };
		4F113F1820A6B18A00BB0FAB /* VideoPreviewerParser.swift in Sources */ = {isa = PBXBuildFile; fileRef = 4FCBA98220A5D3E20073C605 /* VideoPreviewerParser.swift */; };
		4F113F1A20A6B20500BB0FAB /* VideoPreviewerH264ParserTests.swift in Sources */ = {isa = PBXBuildFile; fileRef = 4F113F1920A6B20500BB0FAB /* VideoPreviewerH264ParserTests.swift */; };
		4F113F1C20A6B30B00BB0FAB /* libz.tbd in Frameworks */ = {isa = PBXBuildFile; fileRef = 4F113F1B20A6B30B00BB0FAB /* libz.tbd */; };
		4FCBA97920A57EA70073C605 /* VideoPreviewerAsyncCommandQueue.swift in Sources */ = {isa = PBXBuildFile; fileRef = 4FCBA97820A57EA70073C605 /* VideoPreviewerAsyncCommandQueue.swift */; };
		4FCBA97B20A57F950073C605 /* VideoPreviewerAsyncCommand.swift in Sources */ = {isa = PBXBuildFile; fileRef = 4FCBA97A20A57F950073C605 /* VideoPreviewerAsyncCommand.swift */; };
		4FCBA97D20A5974E0073C605 /* VideoPreviewerAsyncCommandQueueTests.swift in Sources */ = {isa = PBXBuildFile; fileRef = 4FCBA97C20A5974E0073C605 /* VideoPreviewerAsyncCommandQueueTests.swift */; };
		4FCBA97E20A597540073C605 /* VideoPreviewerAsyncCommand.swift in Sources */ = {isa = PBXBuildFile; fileRef = 4FCBA97A20A57F950073C605 /* VideoPreviewerAsyncCommand.swift */; };
		4FCBA97F20A597570073C605 /* VideoPreviewerAsyncCommandQueue.swift in Sources */ = {isa = PBXBuildFile; fileRef = 4FCBA97820A57EA70073C605 /* VideoPreviewerAsyncCommandQueue.swift */; };
		4FCBA98320A5D3E20073C605 /* VideoPreviewerParser.swift in Sources */ = {isa = PBXBuildFile; fileRef = 4FCBA98220A5D3E20073C605 /* VideoPreviewerParser.swift */; };
		4FCBA98520A5D3F50073C605 /* VideoPreviewerH264Parser.swift in Sources */ = {isa = PBXBuildFile; fileRef = 4FCBA98420A5D3F50073C605 /* VideoPreviewerH264Parser.swift */; };
		4FCBA98720A5D52C0073C605 /* VideoFrame.swift in Sources */ = {isa = PBXBuildFile; fileRef = 4FCBA98620A5D52C0073C605 /* VideoFrame.swift */; };
		4FCBA9F820A5E3C00073C605 /* libavutil.a in Frameworks */ = {isa = PBXBuildFile; fileRef = 4FCBA98D20A5E3C00073C605 /* libavutil.a */; };
		4FCBA9F920A5E3C00073C605 /* libavfilter.a in Frameworks */ = {isa = PBXBuildFile; fileRef = 4FCBA98E20A5E3C00073C605 /* libavfilter.a */; };
		4FCBA9FA20A5E3C00073C605 /* libavcodec.a in Frameworks */ = {isa = PBXBuildFile; fileRef = 4FCBA98F20A5E3C00073C605 /* libavcodec.a */; };
		4FCBA9FB20A5E3C00073C605 /* libavresample.a in Frameworks */ = {isa = PBXBuildFile; fileRef = 4FCBA99020A5E3C00073C605 /* libavresample.a */; };
		4FCBA9FC20A5E3C00073C605 /* libavformat.a in Frameworks */ = {isa = PBXBuildFile; fileRef = 4FCBA99120A5E3C00073C605 /* libavformat.a */; };
		4FCBA9FD20A5E3C00073C605 /* libavdevice.a in Frameworks */ = {isa = PBXBuildFile; fileRef = 4FCBA99220A5E3C00073C605 /* libavdevice.a */; };
		4FCBA9FE20A5E3C00073C605 /* libswresample.a in Frameworks */ = {isa = PBXBuildFile; fileRef = 4FCBA99320A5E3C00073C605 /* libswresample.a */; };
		4FCBA9FF20A5E3C00073C605 /* libswscale.a in Frameworks */ = {isa = PBXBuildFile; fileRef = 4FCBA99420A5E3C00073C605 /* libswscale.a */; };
		4FCBAA0020A5E3C00073C605 /* avcodec.h in Headers */ = {isa = PBXBuildFile; fileRef = 4FCBA99720A5E3C00073C605 /* avcodec.h */; };
		4FCBAA0120A5E3C00073C605 /* version.h in Headers */ = {isa = PBXBuildFile; fileRef = 4FCBA99820A5E3C00073C605 /* version.h */; };
		4FCBAA0220A5E3C00073C605 /* buffersrc.h in Headers */ = {isa = PBXBuildFile; fileRef = 4FCBA99920A5E3C00073C605 /* buffersrc.h */; };
		4FCBAA0320A5E3C00073C605 /* asrc_abuffer.h in Headers */ = {isa = PBXBuildFile; fileRef = 4FCBA99A20A5E3C00073C605 /* asrc_abuffer.h */; };
		4FCBAA0420A5E3C00073C605 /* buffersink.h in Headers */ = {isa = PBXBuildFile; fileRef = 4FCBA99B20A5E3C00073C605 /* buffersink.h */; };
		4FCBAA0520A5E3C00073C605 /* avfilter.h in Headers */ = {isa = PBXBuildFile; fileRef = 4FCBA99C20A5E3C00073C605 /* avfilter.h */; };
		4FCBAA0620A5E3C00073C605 /* avfiltergraph.h in Headers */ = {isa = PBXBuildFile; fileRef = 4FCBA99D20A5E3C00073C605 /* avfiltergraph.h */; };
		4FCBAA0720A5E3C00073C605 /* time.h in Headers */ = {isa = PBXBuildFile; fileRef = 4FCBA99F20A5E3C00073C605 /* time.h */; };
		4FCBAA0820A5E3C00073C605 /* intfloat.h in Headers */ = {isa = PBXBuildFile; fileRef = 4FCBA9A020A5E3C00073C605 /* intfloat.h */; };
		4FCBAA0920A5E3C00073C605 /* error.h in Headers */ = {isa = PBXBuildFile; fileRef = 4FCBA9A120A5E3C00073C605 /* error.h */; };
		4FCBAA0A20A5E3C00073C605 /* fifo.h in Headers */ = {isa = PBXBuildFile; fileRef = 4FCBA9A220A5E3C00073C605 /* fifo.h */; };
		4FCBAA0B20A5E3C00073C605 /* blowfish.h in Headers */ = {isa = PBXBuildFile; fileRef = 4FCBA9A320A5E3C00073C605 /* blowfish.h */; };
		4FCBAA0C20A5E3C00073C605 /* replaygain.h in Headers */ = {isa = PBXBuildFile; fileRef = 4FCBA9A420A5E3C00073C605 /* replaygain.h */; };
		4FCBAA0D20A5E3C00073C605 /* version.h in Headers */ = {isa = PBXBuildFile; fileRef = 4FCBA9A520A5E3C00073C605 /* version.h */; };
		4FCBAA0E20A5E3C00073C605 /* murmur3.h in Headers */ = {isa = PBXBuildFile; fileRef = 4FCBA9A620A5E3C00073C605 /* murmur3.h */; };
		4FCBAA0F20A5E3C00073C605 /* stereo3d.h in Headers */ = {isa = PBXBuildFile; fileRef = 4FCBA9A720A5E3C00073C605 /* stereo3d.h */; };
		4FCBAA1020A5E3C00073C605 /* samplefmt.h in Headers */ = {isa = PBXBuildFile; fileRef = 4FCBA9A820A5E3C00073C605 /* samplefmt.h */; };
		4FCBAA1120A5E3C00073C605 /* pixdesc.h in Headers */ = {isa = PBXBuildFile; fileRef = 4FCBA9A920A5E3C00073C605 /* pixdesc.h */; };
		4FCBAA1220A5E3C00073C605 /* base64.h in Headers */ = {isa = PBXBuildFile; fileRef = 4FCBA9AA20A5E3C00073C605 /* base64.h */; };
		4FCBAA1320A5E3C00073C605 /* rational.h in Headers */ = {isa = PBXBuildFile; fileRef = 4FCBA9AB20A5E3C00073C605 /* rational.h */; };
		4FCBAA1420A5E3C00073C605 /* sha.h in Headers */ = {isa = PBXBuildFile; fileRef = 4FCBA9AC20A5E3C00073C605 /* sha.h */; };
		4FCBAA1520A5E3C00073C605 /* motion_vector.h in Headers */ = {isa = PBXBuildFile; fileRef = 4FCBA9AD20A5E3C00073C605 /* motion_vector.h */; };
		4FCBAA1620A5E3C00073C605 /* avconfig.h in Headers */ = {isa = PBXBuildFile; fileRef = 4FCBA9AE20A5E3C00073C605 /* avconfig.h */; };
		4FCBAA1720A5E3C00073C605 /* lfg.h in Headers */ = {isa = PBXBuildFile; fileRef = 4FCBA9AF20A5E3C00073C605 /* lfg.h */; };
		4FCBAA1820A5E3C00073C605 /* avutil.h in Headers */ = {isa = PBXBuildFile; fileRef = 4FCBA9B020A5E3C00073C605 /* avutil.h */; };
		4FCBAA1920A5E3C00073C605 /* xtea.h in Headers */ = {isa = PBXBuildFile; fileRef = 4FCBA9B120A5E3C00073C605 /* xtea.h */; };
		4FCBAA1A20A5E3C00073C605 /* crc.h in Headers */ = {isa = PBXBuildFile; fileRef = 4FCBA9B220A5E3C00073C605 /* crc.h */; };
		4FCBAA1B20A5E3C00073C605 /* frame.h in Headers */ = {isa = PBXBuildFile; fileRef = 4FCBA9B320A5E3C00073C605 /* frame.h */; };
		4FCBAA1C20A5E3C00073C605 /* file.h in Headers */ = {isa = PBXBuildFile; fileRef = 4FCBA9B420A5E3C00073C605 /* file.h */; };
		4FCBAA1D20A5E3C00073C605 /* md5.h in Headers */ = {isa = PBXBuildFile; fileRef = 4FCBA9B520A5E3C00073C605 /* md5.h */; };
		4FCBAA1E20A5E3C00073C605 /* cast5.h in Headers */ = {isa = PBXBuildFile; fileRef = 4FCBA9B620A5E3C00073C605 /* cast5.h */; };
		4FCBAA1F20A5E3C00073C605 /* ffversion.h in Headers */ = {isa = PBXBuildFile; fileRef = 4FCBA9B720A5E3C00073C605 /* ffversion.h */; };
		4FCBAA2020A5E3C00073C605 /* audio_fifo.h in Headers */ = {isa = PBXBuildFile; fileRef = 4FCBA9B820A5E3C00073C605 /* audio_fifo.h */; };
		4FCBAA2120A5E3C00073C605 /* threadmessage.h in Headers */ = {isa = PBXBuildFile; fileRef = 4FCBA9B920A5E3C00073C605 /* threadmessage.h */; };
		4FCBAA2220A5E3C00073C605 /* attributes.h in Headers */ = {isa = PBXBuildFile; fileRef = 4FCBA9BA20A5E3C00073C605 /* attributes.h */; };
		4FCBAA2320A5E3C00073C605 /* adler32.h in Headers */ = {isa = PBXBuildFile; fileRef = 4FCBA9BB20A5E3C00073C605 /* adler32.h */; };
		4FCBAA2420A5E3C00073C605 /* timecode.h in Headers */ = {isa = PBXBuildFile; fileRef = 4FCBA9BC20A5E3C00073C605 /* timecode.h */; };
		4FCBAA2520A5E3C00073C605 /* sha512.h in Headers */ = {isa = PBXBuildFile; fileRef = 4FCBA9BD20A5E3C00073C605 /* sha512.h */; };
		4FCBAA2620A5E3C00073C605 /* display.h in Headers */ = {isa = PBXBuildFile; fileRef = 4FCBA9BE20A5E3C00073C605 /* display.h */; };
		4FCBAA2720A5E3C00073C605 /* buffer.h in Headers */ = {isa = PBXBuildFile; fileRef = 4FCBA9BF20A5E3C00073C605 /* buffer.h */; };
		4FCBAA2820A5E3C00073C605 /* pixelutils.h in Headers */ = {isa = PBXBuildFile; fileRef = 4FCBA9C020A5E3C00073C605 /* pixelutils.h */; };
		4FCBAA2920A5E3C00073C605 /* common.h in Headers */ = {isa = PBXBuildFile; fileRef = 4FCBA9C120A5E3C00073C605 /* common.h */; };
		4FCBAA2A20A5E3C00073C605 /* hmac.h in Headers */ = {isa = PBXBuildFile; fileRef = 4FCBA9C220A5E3C00073C605 /* hmac.h */; };
		4FCBAA2B20A5E3C00073C605 /* eval.h in Headers */ = {isa = PBXBuildFile; fileRef = 4FCBA9C320A5E3C00073C605 /* eval.h */; };
		4FCBAA2C20A5E3C00073C605 /* dict.h in Headers */ = {isa = PBXBuildFile; fileRef = 4FCBA9C420A5E3C00073C605 /* dict.h */; };
		4FCBAA2D20A5E3C00073C605 /* random_seed.h in Headers */ = {isa = PBXBuildFile; fileRef = 4FCBA9C520A5E3C00073C605 /* random_seed.h */; };
		4FCBAA2E20A5E3C00073C605 /* opt.h in Headers */ = {isa = PBXBuildFile; fileRef = 4FCBA9C620A5E3C00073C605 /* opt.h */; };
		4FCBAA2F20A5E3C00073C605 /* log.h in Headers */ = {isa = PBXBuildFile; fileRef = 4FCBA9C720A5E3C00073C605 /* log.h */; };
		4FCBAA3020A5E3C00073C605 /* aes.h in Headers */ = {isa = PBXBuildFile; fileRef = 4FCBA9C820A5E3C00073C605 /* aes.h */; };
		4FCBAA3120A5E3C00073C605 /* macros.h in Headers */ = {isa = PBXBuildFile; fileRef = 4FCBA9C920A5E3C00073C605 /* macros.h */; };
		4FCBAA3220A5E3C00073C605 /* bswap.h in Headers */ = {isa = PBXBuildFile; fileRef = 4FCBA9CA20A5E3C00073C605 /* bswap.h */; };
		4FCBAA3320A5E3C00073C605 /* old_pix_fmts.h in Headers */ = {isa = PBXBuildFile; fileRef = 4FCBA9CB20A5E3C00073C605 /* old_pix_fmts.h */; };
		4FCBAA3420A5E3C00073C605 /* cpu.h in Headers */ = {isa = PBXBuildFile; fileRef = 4FCBA9CC20A5E3C00073C605 /* cpu.h */; };
		4FCBAA3520A5E3C00073C605 /* audioconvert.h in Headers */ = {isa = PBXBuildFile; fileRef = 4FCBA9CD20A5E3C00073C605 /* audioconvert.h */; };
		4FCBAA3620A5E3C00073C605 /* channel_layout.h in Headers */ = {isa = PBXBuildFile; fileRef = 4FCBA9CE20A5E3C00073C605 /* channel_layout.h */; };
		4FCBAA3720A5E3C00073C605 /* imgutils.h in Headers */ = {isa = PBXBuildFile; fileRef = 4FCBA9CF20A5E3C00073C605 /* imgutils.h */; };
		4FCBAA3820A5E3C00073C605 /* mem.h in Headers */ = {isa = PBXBuildFile; fileRef = 4FCBA9D020A5E3C00073C605 /* mem.h */; };
		4FCBAA3920A5E3C00073C605 /* parseutils.h in Headers */ = {isa = PBXBuildFile; fileRef = 4FCBA9D120A5E3C00073C605 /* parseutils.h */; };
		4FCBAA3A20A5E3C00073C605 /* ripemd.h in Headers */ = {isa = PBXBuildFile; fileRef = 4FCBA9D220A5E3C00073C605 /* ripemd.h */; };
		4FCBAA3B20A5E3C00073C605 /* bprint.h in Headers */ = {isa = PBXBuildFile; fileRef = 4FCBA9D320A5E3C00073C605 /* bprint.h */; };
		4FCBAA3C20A5E3C00073C605 /* pixfmt.h in Headers */ = {isa = PBXBuildFile; fileRef = 4FCBA9D420A5E3C00073C605 /* pixfmt.h */; };
		4FCBAA3D20A5E3C00073C605 /* timestamp.h in Headers */ = {isa = PBXBuildFile; fileRef = 4FCBA9D520A5E3C00073C605 /* timestamp.h */; };
		4FCBAA3E20A5E3C00073C605 /* downmix_info.h in Headers */ = {isa = PBXBuildFile; fileRef = 4FCBA9D620A5E3C00073C605 /* downmix_info.h */; };
		4FCBAA3F20A5E3C00073C605 /* avassert.h in Headers */ = {isa = PBXBuildFile; fileRef = 4FCBA9D720A5E3C00073C605 /* avassert.h */; };
		4FCBAA4020A5E3C00073C605 /* hash.h in Headers */ = {isa = PBXBuildFile; fileRef = 4FCBA9D820A5E3C00073C605 /* hash.h */; };
		4FCBAA4120A5E3C00073C605 /* mathematics.h in Headers */ = {isa = PBXBuildFile; fileRef = 4FCBA9D920A5E3C00073C605 /* mathematics.h */; };
		4FCBAA4220A5E3C00073C605 /* intreadwrite.h in Headers */ = {isa = PBXBuildFile; fileRef = 4FCBA9DA20A5E3C00073C605 /* intreadwrite.h */; };
		4FCBAA4320A5E3C00073C605 /* avstring.h in Headers */ = {isa = PBXBuildFile; fileRef = 4FCBA9DB20A5E3C00073C605 /* avstring.h */; };
		4FCBAA4420A5E3C00073C605 /* version.h in Headers */ = {isa = PBXBuildFile; fileRef = 4FCBA9DD20A5E3C00073C605 /* version.h */; };
		4FCBAA4520A5E3C00073C605 /* avdevice.h in Headers */ = {isa = PBXBuildFile; fileRef = 4FCBA9DE20A5E3C00073C605 /* avdevice.h */; };
		4FCBAA4620A5E3C00073C605 /* version.h in Headers */ = {isa = PBXBuildFile; fileRef = 4FCBA9E020A5E3C00073C605 /* version.h */; };
		4FCBAA4720A5E3C00073C605 /* avio.h in Headers */ = {isa = PBXBuildFile; fileRef = 4FCBA9E120A5E3C00073C605 /* avio.h */; };
		4FCBAA4820A5E3C00073C605 /* avformat.h in Headers */ = {isa = PBXBuildFile; fileRef = 4FCBA9E220A5E3C00073C605 /* avformat.h */; };
		4FCBAA4920A5E3C00073C605 /* version.h in Headers */ = {isa = PBXBuildFile; fileRef = 4FCBA9E420A5E3C00073C605 /* version.h */; };
		4FCBAA4A20A5E3C00073C605 /* swscale.h in Headers */ = {isa = PBXBuildFile; fileRef = 4FCBA9E520A5E3C00073C605 /* swscale.h */; };
		4FCBAA4B20A5E3C00073C605 /* avcodec.h in Headers */ = {isa = PBXBuildFile; fileRef = 4FCBA9E720A5E3C00073C605 /* avcodec.h */; };
		4FCBAA4C20A5E3C00073C605 /* version.h in Headers */ = {isa = PBXBuildFile; fileRef = 4FCBA9E820A5E3C00073C605 /* version.h */; };
		4FCBAA4D20A5E3C00073C605 /* vdpau.h in Headers */ = {isa = PBXBuildFile; fileRef = 4FCBA9E920A5E3C00073C605 /* vdpau.h */; };
		4FCBAA4E20A5E3C00073C605 /* vaapi.h in Headers */ = {isa = PBXBuildFile; fileRef = 4FCBA9EA20A5E3C00073C605 /* vaapi.h */; };
		4FCBAA4F20A5E3C00073C605 /* xvmc.h in Headers */ = {isa = PBXBuildFile; fileRef = 4FCBA9EB20A5E3C00073C605 /* xvmc.h */; };
		4FCBAA5020A5E3C00073C605 /* avfft.h in Headers */ = {isa = PBXBuildFile; fileRef = 4FCBA9EC20A5E3C00073C605 /* avfft.h */; };
		4FCBAA5120A5E3C00073C605 /* vda.h in Headers */ = {isa = PBXBuildFile; fileRef = 4FCBA9ED20A5E3C00073C605 /* vda.h */; };
		4FCBAA5220A5E3C00073C605 /* vorbis_parser.h in Headers */ = {isa = PBXBuildFile; fileRef = 4FCBA9EE20A5E3C00073C605 /* vorbis_parser.h */; };
		4FCBAA5320A5E3C00073C605 /* dxva2.h in Headers */ = {isa = PBXBuildFile; fileRef = 4FCBA9EF20A5E3C00073C605 /* dxva2.h */; };
		4FCBAA5420A5E3C00073C605 /* dv_profile.h in Headers */ = {isa = PBXBuildFile; fileRef = 4FCBA9F020A5E3C00073C605 /* dv_profile.h */; };
		4FCBAA5520A5E3C00073C605 /* old_codec_ids.h in Headers */ = {isa = PBXBuildFile; fileRef = 4FCBA9F120A5E3C00073C605 /* old_codec_ids.h */; };
		4FCBAA5620A5E3C00073C605 /* avresample.h in Headers */ = {isa = PBXBuildFile; fileRef = 4FCBA9F320A5E3C00073C605 /* avresample.h */; };
		4FCBAA5720A5E3C00073C605 /* version.h in Headers */ = {isa = PBXBuildFile; fileRef = 4FCBA9F420A5E3C00073C605 /* version.h */; };
		4FCBAA5820A5E3C00073C605 /* version.h in Headers */ = {isa = PBXBuildFile; fileRef = 4FCBA9F620A5E3C00073C605 /* version.h */; };
		4FCBAA5920A5E3C00073C605 /* swresample.h in Headers */ = {isa = PBXBuildFile; fileRef = 4FCBA9F720A5E3C00073C605 /* swresample.h */; };
		4FF66F4120A57A0F0083DB0A /* VideoPreviewer.h in Headers */ = {isa = PBXBuildFile; fileRef = 4FF66F3F20A57A0F0083DB0A /* VideoPreviewer.h */; settings = {ATTRIBUTES = (Public, ); }; };
		4FF66F5320A57A690083DB0A /* VideoPreviewerQueue.swift in Sources */ = {isa = PBXBuildFile; fileRef = 4FF66F4F20A57A690083DB0A /* VideoPreviewerQueue.swift */; };
		4FF66F5420A57A690083DB0A /* Utils.swift in Sources */ = {isa = PBXBuildFile; fileRef = 4FF66F5020A57A690083DB0A /* Utils.swift */; };
		4FF66F5620A57A690083DB0A /* MovieGLView.swift in Sources */ = {isa = PBXBuildFile; fileRef = 4FF66F5220A57A690083DB0A /* MovieGLView.swift */; };
		4FF66F5F20A57A930083DB0A /* VideoPreviewerQueueTests.swift in Sources */ = {isa = PBXBuildFile; fileRef = 4FF66F5E20A57A930083DB0A /* VideoPreviewerQueueTests.swift */; };
		4FF66F6120A57A930083DB0A /* VideoPreviewer.framework in Frameworks */ = {isa = PBXBuildFile; fileRef = 4FF66F3C20A57A0F0083DB0A /* VideoPreviewer.framework */; };
		4FF66F6920A57B5E0083DB0A /* VideoPreviewerQueue.swift in Sources */ = {isa = PBXBuildFile; fileRef = 4FF66F4F20A57A690083DB0A /* VideoPreviewerQueue.swift */; };
/* End PBXBuildFile section */

/* Begin PBXContainerItemProxy section */
		4F113F1120A6B17B00BB0FAB /* PBXContainerItemProxy */ = {
			isa = PBXContainerItemProxy;
			containerPortal = 4FF66F3320A57A0F0083DB0A /* Project object */;
			proxyType = 1;
			remoteGlobalIDString = 4FF66F3B20A57A0F0083DB0A;
			remoteInfo = VideoPreviewer;
		};
		4FF66F6220A57A930083DB0A /* PBXContainerItemProxy */ = {
			isa = PBXContainerItemProxy;
			containerPortal = 4FF66F3320A57A0F0083DB0A /* Project object */;
			proxyType = 1;
			remoteGlobalIDString = 4FF66F3B20A57A0F0083DB0A;
			remoteInfo = VideoPreviewer;
		};
/* End PBXContainerItemProxy section */

/* Begin PBXFileReference section */
		4F113F0B20A6B17B00BB0FAB /* VideoPreviewerParserTests.xctest */ = {isa = PBXFileReference; explicitFileType = wrapper.cfbundle; includeInIndex = 0; path = VideoPreviewerParserTests.xctest; sourceTree = BUILT_PRODUCTS_DIR; };
		4F113F0F20A6B17B00BB0FAB /* Info.plist */ = {isa = PBXFileReference; lastKnownFileType = text.plist.xml; path = Info.plist; sourceTree = "<group>"; };
		4F113F1920A6B20500BB0FAB /* VideoPreviewerH264ParserTests.swift */ = {isa = PBXFileReference; lastKnownFileType = sourcecode.swift; path = VideoPreviewerH264ParserTests.swift; sourceTree = "<group>"; };
		4F113F1B20A6B30B00BB0FAB /* libz.tbd */ = {isa = PBXFileReference; lastKnownFileType = "sourcecode.text-based-dylib-definition"; name = libz.tbd; path = usr/lib/libz.tbd; sourceTree = SDKROOT; };
		4FCBA97820A57EA70073C605 /* VideoPreviewerAsyncCommandQueue.swift */ = {isa = PBXFileReference; lastKnownFileType = sourcecode.swift; path = VideoPreviewerAsyncCommandQueue.swift; sourceTree = "<group>"; };
		4FCBA97A20A57F950073C605 /* VideoPreviewerAsyncCommand.swift */ = {isa = PBXFileReference; lastKnownFileType = sourcecode.swift; path = VideoPreviewerAsyncCommand.swift; sourceTree = "<group>"; };
		4FCBA97C20A5974E0073C605 /* VideoPreviewerAsyncCommandQueueTests.swift */ = {isa = PBXFileReference; lastKnownFileType = sourcecode.swift; path = VideoPreviewerAsyncCommandQueueTests.swift; sourceTree = "<group>"; };
		4FCBA98220A5D3E20073C605 /* VideoPreviewerParser.swift */ = {isa = PBXFileReference; lastKnownFileType = sourcecode.swift; path = VideoPreviewerParser.swift; sourceTree = "<group>"; };
		4FCBA98420A5D3F50073C605 /* VideoPreviewerH264Parser.swift */ = {isa = PBXFileReference; lastKnownFileType = sourcecode.swift; path = VideoPreviewerH264Parser.swift; sourceTree = "<group>"; };
		4FCBA98620A5D52C0073C605 /* VideoFrame.swift */ = {isa = PBXFileReference; lastKnownFileType = sourcecode.swift; path = VideoFrame.swift; sourceTree = "<group>"; };
		4FCBA98D20A5E3C00073C605 /* libavutil.a */ = {isa = PBXFileReference; lastKnownFileType = archive.ar; path = libavutil.a; sourceTree = "<group>"; };
		4FCBA98E20A5E3C00073C605 /* libavfilter.a */ = {isa = PBXFileReference; lastKnownFileType = archive.ar; path = libavfilter.a; sourceTree = "<group>"; };
		4FCBA98F20A5E3C00073C605 /* libavcodec.a */ = {isa = PBXFileReference; lastKnownFileType = archive.ar; path = libavcodec.a; sourceTree = "<group>"; };
		4FCBA99020A5E3C00073C605 /* libavresample.a */ = {isa = PBXFileReference; lastKnownFileType = archive.ar; path = libavresample.a; sourceTree = "<group>"; };
		4FCBA99120A5E3C00073C605 /* libavformat.a */ = {isa = PBXFileReference; lastKnownFileType = archive.ar; path = libavformat.a; sourceTree = "<group>"; };
		4FCBA99220A5E3C00073C605 /* libavdevice.a */ = {isa = PBXFileReference; lastKnownFileType = archive.ar; path = libavdevice.a; sourceTree = "<group>"; };
		4FCBA99320A5E3C00073C605 /* libswresample.a */ = {isa = PBXFileReference; lastKnownFileType = archive.ar; path = libswresample.a; sourceTree = "<group>"; };
		4FCBA99420A5E3C00073C605 /* libswscale.a */ = {isa = PBXFileReference; lastKnownFileType = archive.ar; path = libswscale.a; sourceTree = "<group>"; };
		4FCBA99720A5E3C00073C605 /* avcodec.h */ = {isa = PBXFileReference; fileEncoding = 4; lastKnownFileType = sourcecode.c.h; path = avcodec.h; sourceTree = "<group>"; };
		4FCBA99820A5E3C00073C605 /* version.h */ = {isa = PBXFileReference; fileEncoding = 4; lastKnownFileType = sourcecode.c.h; path = version.h; sourceTree = "<group>"; };
		4FCBA99920A5E3C00073C605 /* buffersrc.h */ = {isa = PBXFileReference; fileEncoding = 4; lastKnownFileType = sourcecode.c.h; path = buffersrc.h; sourceTree = "<group>"; };
		4FCBA99A20A5E3C00073C605 /* asrc_abuffer.h */ = {isa = PBXFileReference; fileEncoding = 4; lastKnownFileType = sourcecode.c.h; path = asrc_abuffer.h; sourceTree = "<group>"; };
		4FCBA99B20A5E3C00073C605 /* buffersink.h */ = {isa = PBXFileReference; fileEncoding = 4; lastKnownFileType = sourcecode.c.h; path = buffersink.h; sourceTree = "<group>"; };
		4FCBA99C20A5E3C00073C605 /* avfilter.h */ = {isa = PBXFileReference; fileEncoding = 4; lastKnownFileType = sourcecode.c.h; path = avfilter.h; sourceTree = "<group>"; };
		4FCBA99D20A5E3C00073C605 /* avfiltergraph.h */ = {isa = PBXFileReference; fileEncoding = 4; lastKnownFileType = sourcecode.c.h; path = avfiltergraph.h; sourceTree = "<group>"; };
		4FCBA99F20A5E3C00073C605 /* time.h */ = {isa = PBXFileReference; fileEncoding = 4; lastKnownFileType = sourcecode.c.h; path = time.h; sourceTree = "<group>"; };
		4FCBA9A020A5E3C00073C605 /* intfloat.h */ = {isa = PBXFileReference; fileEncoding = 4; lastKnownFileType = sourcecode.c.h; path = intfloat.h; sourceTree = "<group>"; };
		4FCBA9A120A5E3C00073C605 /* error.h */ = {isa = PBXFileReference; fileEncoding = 4; lastKnownFileType = sourcecode.c.h; path = error.h; sourceTree = "<group>"; };
		4FCBA9A220A5E3C00073C605 /* fifo.h */ = {isa = PBXFileReference; fileEncoding = 4; lastKnownFileType = sourcecode.c.h; path = fifo.h; sourceTree = "<group>"; };
		4FCBA9A320A5E3C00073C605 /* blowfish.h */ = {isa = PBXFileReference; fileEncoding = 4; lastKnownFileType = sourcecode.c.h; path = blowfish.h; sourceTree = "<group>"; };
		4FCBA9A420A5E3C00073C605 /* replaygain.h */ = {isa = PBXFileReference; fileEncoding = 4; lastKnownFileType = sourcecode.c.h; path = replaygain.h; sourceTree = "<group>"; };
		4FCBA9A520A5E3C00073C605 /* version.h */ = {isa = PBXFileReference; fileEncoding = 4; lastKnownFileType = sourcecode.c.h; path = version.h; sourceTree = "<group>"; };
		4FCBA9A620A5E3C00073C605 /* murmur3.h */ = {isa = PBXFileReference; fileEncoding = 4; lastKnownFileType = sourcecode.c.h; path = murmur3.h; sourceTree = "<group>"; };
		4FCBA9A720A5E3C00073C605 /* stereo3d.h */ = {isa = PBXFileReference; fileEncoding = 4; lastKnownFileType = sourcecode.c.h; path = stereo3d.h; sourceTree = "<group>"; };
		4FCBA9A820A5E3C00073C605 /* samplefmt.h */ = {isa = PBXFileReference; fileEncoding = 4; lastKnownFileType = sourcecode.c.h; path = samplefmt.h; sourceTree = "<group>"; };
		4FCBA9A920A5E3C00073C605 /* pixdesc.h */ = {isa = PBXFileReference; fileEncoding = 4; lastKnownFileType = sourcecode.c.h; path = pixdesc.h; sourceTree = "<group>"; };
		4FCBA9AA20A5E3C00073C605 /* base64.h */ = {isa = PBXFileReference; fileEncoding = 4; lastKnownFileType = sourcecode.c.h; path = base64.h; sourceTree = "<group>"; };
		4FCBA9AB20A5E3C00073C605 /* rational.h */ = {isa = PBXFileReference; fileEncoding = 4; lastKnownFileType = sourcecode.c.h; path = rational.h; sourceTree = "<group>"; };
		4FCBA9AC20A5E3C00073C605 /* sha.h */ = {isa = PBXFileReference; fileEncoding = 4; lastKnownFileType = sourcecode.c.h; path = sha.h; sourceTree = "<group>"; };
		4FCBA9AD20A5E3C00073C605 /* motion_vector.h */ = {isa = PBXFileReference; fileEncoding = 4; lastKnownFileType = sourcecode.c.h; path = motion_vector.h; sourceTree = "<group>"; };
		4FCBA9AE20A5E3C00073C605 /* avconfig.h */ = {isa = PBXFileReference; fileEncoding = 4; lastKnownFileType = sourcecode.c.h; path = avconfig.h; sourceTree = "<group>"; };
		4FCBA9AF20A5E3C00073C605 /* lfg.h */ = {isa = PBXFileReference; fileEncoding = 4; lastKnownFileType = sourcecode.c.h; path = lfg.h; sourceTree = "<group>"; };
		4FCBA9B020A5E3C00073C605 /* avutil.h */ = {isa = PBXFileReference; fileEncoding = 4; lastKnownFileType = sourcecode.c.h; path = avutil.h; sourceTree = "<group>"; };
		4FCBA9B120A5E3C00073C605 /* xtea.h */ = {isa = PBXFileReference; fileEncoding = 4; lastKnownFileType = sourcecode.c.h; path = xtea.h; sourceTree = "<group>"; };
		4FCBA9B220A5E3C00073C605 /* crc.h */ = {isa = PBXFileReference; fileEncoding = 4; lastKnownFileType = sourcecode.c.h; path = crc.h; sourceTree = "<group>"; };
		4FCBA9B320A5E3C00073C605 /* frame.h */ = {isa = PBXFileReference; fileEncoding = 4; lastKnownFileType = sourcecode.c.h; path = frame.h; sourceTree = "<group>"; };
		4FCBA9B420A5E3C00073C605 /* file.h */ = {isa = PBXFileReference; fileEncoding = 4; lastKnownFileType = sourcecode.c.h; path = file.h; sourceTree = "<group>"; };
		4FCBA9B520A5E3C00073C605 /* md5.h */ = {isa = PBXFileReference; fileEncoding = 4; lastKnownFileType = sourcecode.c.h; path = md5.h; sourceTree = "<group>"; };
		4FCBA9B620A5E3C00073C605 /* cast5.h */ = {isa = PBXFileReference; fileEncoding = 4; lastKnownFileType = sourcecode.c.h; path = cast5.h; sourceTree = "<group>"; };
		4FCBA9B720A5E3C00073C605 /* ffversion.h */ = {isa = PBXFileReference; fileEncoding = 4; lastKnownFileType = sourcecode.c.h; path = ffversion.h; sourceTree = "<group>"; };
		4FCBA9B820A5E3C00073C605 /* audio_fifo.h */ = {isa = PBXFileReference; fileEncoding = 4; lastKnownFileType = sourcecode.c.h; path = audio_fifo.h; sourceTree = "<group>"; };
		4FCBA9B920A5E3C00073C605 /* threadmessage.h */ = {isa = PBXFileReference; fileEncoding = 4; lastKnownFileType = sourcecode.c.h; path = threadmessage.h; sourceTree = "<group>"; };
		4FCBA9BA20A5E3C00073C605 /* attributes.h */ = {isa = PBXFileReference; fileEncoding = 4; lastKnownFileType = sourcecode.c.h; path = attributes.h; sourceTree = "<group>"; };
		4FCBA9BB20A5E3C00073C605 /* adler32.h */ = {isa = PBXFileReference; fileEncoding = 4; lastKnownFileType = sourcecode.c.h; path = adler32.h; sourceTree = "<group>"; };
		4FCBA9BC20A5E3C00073C605 /* timecode.h */ = {isa = PBXFileReference; fileEncoding = 4; lastKnownFileType = sourcecode.c.h; path = timecode.h; sourceTree = "<group>"; };
		4FCBA9BD20A5E3C00073C605 /* sha512.h */ = {isa = PBXFileReference; fileEncoding = 4; lastKnownFileType = sourcecode.c.h; path = sha512.h; sourceTree = "<group>"; };
		4FCBA9BE20A5E3C00073C605 /* display.h */ = {isa = PBXFileReference; fileEncoding = 4; lastKnownFileType = sourcecode.c.h; path = display.h; sourceTree = "<group>"; };
		4FCBA9BF20A5E3C00073C605 /* buffer.h */ = {isa = PBXFileReference; fileEncoding = 4; lastKnownFileType = sourcecode.c.h; path = buffer.h; sourceTree = "<group>"; };
		4FCBA9C020A5E3C00073C605 /* pixelutils.h */ = {isa = PBXFileReference; fileEncoding = 4; lastKnownFileType = sourcecode.c.h; path = pixelutils.h; sourceTree = "<group>"; };
		4FCBA9C120A5E3C00073C605 /* common.h */ = {isa = PBXFileReference; fileEncoding = 4; lastKnownFileType = sourcecode.c.h; path = common.h; sourceTree = "<group>"; };
		4FCBA9C220A5E3C00073C605 /* hmac.h */ = {isa = PBXFileReference; fileEncoding = 4; lastKnownFileType = sourcecode.c.h; path = hmac.h; sourceTree = "<group>"; };
		4FCBA9C320A5E3C00073C605 /* eval.h */ = {isa = PBXFileReference; fileEncoding = 4; lastKnownFileType = sourcecode.c.h; path = eval.h; sourceTree = "<group>"; };
		4FCBA9C420A5E3C00073C605 /* dict.h */ = {isa = PBXFileReference; fileEncoding = 4; lastKnownFileType = sourcecode.c.h; path = dict.h; sourceTree = "<group>"; };
		4FCBA9C520A5E3C00073C605 /* random_seed.h */ = {isa = PBXFileReference; fileEncoding = 4; lastKnownFileType = sourcecode.c.h; path = random_seed.h; sourceTree = "<group>"; };
		4FCBA9C620A5E3C00073C605 /* opt.h */ = {isa = PBXFileReference; fileEncoding = 4; lastKnownFileType = sourcecode.c.h; path = opt.h; sourceTree = "<group>"; };
		4FCBA9C720A5E3C00073C605 /* log.h */ = {isa = PBXFileReference; fileEncoding = 4; lastKnownFileType = sourcecode.c.h; path = log.h; sourceTree = "<group>"; };
		4FCBA9C820A5E3C00073C605 /* aes.h */ = {isa = PBXFileReference; fileEncoding = 4; lastKnownFileType = sourcecode.c.h; path = aes.h; sourceTree = "<group>"; };
		4FCBA9C920A5E3C00073C605 /* macros.h */ = {isa = PBXFileReference; fileEncoding = 4; lastKnownFileType = sourcecode.c.h; path = macros.h; sourceTree = "<group>"; };
		4FCBA9CA20A5E3C00073C605 /* bswap.h */ = {isa = PBXFileReference; fileEncoding = 4; lastKnownFileType = sourcecode.c.h; path = bswap.h; sourceTree = "<group>"; };
		4FCBA9CB20A5E3C00073C605 /* old_pix_fmts.h */ = {isa = PBXFileReference; fileEncoding = 4; lastKnownFileType = sourcecode.c.h; path = old_pix_fmts.h; sourceTree = "<group>"; };
		4FCBA9CC20A5E3C00073C605 /* cpu.h */ = {isa = PBXFileReference; fileEncoding = 4; lastKnownFileType = sourcecode.c.h; path = cpu.h; sourceTree = "<group>"; };
		4FCBA9CD20A5E3C00073C605 /* audioconvert.h */ = {isa = PBXFileReference; fileEncoding = 4; lastKnownFileType = sourcecode.c.h; path = audioconvert.h; sourceTree = "<group>"; };
		4FCBA9CE20A5E3C00073C605 /* channel_layout.h */ = {isa = PBXFileReference; fileEncoding = 4; lastKnownFileType = sourcecode.c.h; path = channel_layout.h; sourceTree = "<group>"; };
		4FCBA9CF20A5E3C00073C605 /* imgutils.h */ = {isa = PBXFileReference; fileEncoding = 4; lastKnownFileType = sourcecode.c.h; path = imgutils.h; sourceTree = "<group>"; };
		4FCBA9D020A5E3C00073C605 /* mem.h */ = {isa = PBXFileReference; fileEncoding = 4; lastKnownFileType = sourcecode.c.h; path = mem.h; sourceTree = "<group>"; };
		4FCBA9D120A5E3C00073C605 /* parseutils.h */ = {isa = PBXFileReference; fileEncoding = 4; lastKnownFileType = sourcecode.c.h; path = parseutils.h; sourceTree = "<group>"; };
		4FCBA9D220A5E3C00073C605 /* ripemd.h */ = {isa = PBXFileReference; fileEncoding = 4; lastKnownFileType = sourcecode.c.h; path = ripemd.h; sourceTree = "<group>"; };
		4FCBA9D320A5E3C00073C605 /* bprint.h */ = {isa = PBXFileReference; fileEncoding = 4; lastKnownFileType = sourcecode.c.h; path = bprint.h; sourceTree = "<group>"; };
		4FCBA9D420A5E3C00073C605 /* pixfmt.h */ = {isa = PBXFileReference; fileEncoding = 4; lastKnownFileType = sourcecode.c.h; path = pixfmt.h; sourceTree = "<group>"; };
		4FCBA9D520A5E3C00073C605 /* timestamp.h */ = {isa = PBXFileReference; fileEncoding = 4; lastKnownFileType = sourcecode.c.h; path = timestamp.h; sourceTree = "<group>"; };
		4FCBA9D620A5E3C00073C605 /* downmix_info.h */ = {isa = PBXFileReference; fileEncoding = 4; lastKnownFileType = sourcecode.c.h; path = downmix_info.h; sourceTree = "<group>"; };
		4FCBA9D720A5E3C00073C605 /* avassert.h */ = {isa = PBXFileReference; fileEncoding = 4; lastKnownFileType = sourcecode.c.h; path = avassert.h; sourceTree = "<group>"; };
		4FCBA9D820A5E3C00073C605 /* hash.h */ = {isa = PBXFileReference; fileEncoding = 4; lastKnownFileType = sourcecode.c.h; path = hash.h; sourceTree = "<group>"; };
		4FCBA9D920A5E3C00073C605 /* mathematics.h */ = {isa = PBXFileReference; fileEncoding = 4; lastKnownFileType = sourcecode.c.h; path = mathematics.h; sourceTree = "<group>"; };
		4FCBA9DA20A5E3C00073C605 /* intreadwrite.h */ = {isa = PBXFileReference; fileEncoding = 4; lastKnownFileType = sourcecode.c.h; path = intreadwrite.h; sourceTree = "<group>"; };
		4FCBA9DB20A5E3C00073C605 /* avstring.h */ = {isa = PBXFileReference; fileEncoding = 4; lastKnownFileType = sourcecode.c.h; path = avstring.h; sourceTree = "<group>"; };
		4FCBA9DD20A5E3C00073C605 /* version.h */ = {isa = PBXFileReference; fileEncoding = 4; lastKnownFileType = sourcecode.c.h; path = version.h; sourceTree = "<group>"; };
		4FCBA9DE20A5E3C00073C605 /* avdevice.h */ = {isa = PBXFileReference; fileEncoding = 4; lastKnownFileType = sourcecode.c.h; path = avdevice.h; sourceTree = "<group>"; };
		4FCBA9E020A5E3C00073C605 /* version.h */ = {isa = PBXFileReference; fileEncoding = 4; lastKnownFileType = sourcecode.c.h; path = version.h; sourceTree = "<group>"; };
		4FCBA9E120A5E3C00073C605 /* avio.h */ = {isa = PBXFileReference; fileEncoding = 4; lastKnownFileType = sourcecode.c.h; path = avio.h; sourceTree = "<group>"; };
		4FCBA9E220A5E3C00073C605 /* avformat.h */ = {isa = PBXFileReference; fileEncoding = 4; lastKnownFileType = sourcecode.c.h; path = avformat.h; sourceTree = "<group>"; };
		4FCBA9E420A5E3C00073C605 /* version.h */ = {isa = PBXFileReference; fileEncoding = 4; lastKnownFileType = sourcecode.c.h; path = version.h; sourceTree = "<group>"; };
		4FCBA9E520A5E3C00073C605 /* swscale.h */ = {isa = PBXFileReference; fileEncoding = 4; lastKnownFileType = sourcecode.c.h; path = swscale.h; sourceTree = "<group>"; };
		4FCBA9E720A5E3C00073C605 /* avcodec.h */ = {isa = PBXFileReference; fileEncoding = 4; lastKnownFileType = sourcecode.c.h; path = avcodec.h; sourceTree = "<group>"; };
		4FCBA9E820A5E3C00073C605 /* version.h */ = {isa = PBXFileReference; fileEncoding = 4; lastKnownFileType = sourcecode.c.h; path = version.h; sourceTree = "<group>"; };
		4FCBA9E920A5E3C00073C605 /* vdpau.h */ = {isa = PBXFileReference; fileEncoding = 4; lastKnownFileType = sourcecode.c.h; path = vdpau.h; sourceTree = "<group>"; };
		4FCBA9EA20A5E3C00073C605 /* vaapi.h */ = {isa = PBXFileReference; fileEncoding = 4; lastKnownFileType = sourcecode.c.h; path = vaapi.h; sourceTree = "<group>"; };
		4FCBA9EB20A5E3C00073C605 /* xvmc.h */ = {isa = PBXFileReference; fileEncoding = 4; lastKnownFileType = sourcecode.c.h; path = xvmc.h; sourceTree = "<group>"; };
		4FCBA9EC20A5E3C00073C605 /* avfft.h */ = {isa = PBXFileReference; fileEncoding = 4; lastKnownFileType = sourcecode.c.h; path = avfft.h; sourceTree = "<group>"; };
		4FCBA9ED20A5E3C00073C605 /* vda.h */ = {isa = PBXFileReference; fileEncoding = 4; lastKnownFileType = sourcecode.c.h; path = vda.h; sourceTree = "<group>"; };
		4FCBA9EE20A5E3C00073C605 /* vorbis_parser.h */ = {isa = PBXFileReference; fileEncoding = 4; lastKnownFileType = sourcecode.c.h; path = vorbis_parser.h; sourceTree = "<group>"; };
		4FCBA9EF20A5E3C00073C605 /* dxva2.h */ = {isa = PBXFileReference; fileEncoding = 4; lastKnownFileType = sourcecode.c.h; path = dxva2.h; sourceTree = "<group>"; };
		4FCBA9F020A5E3C00073C605 /* dv_profile.h */ = {isa = PBXFileReference; fileEncoding = 4; lastKnownFileType = sourcecode.c.h; path = dv_profile.h; sourceTree = "<group>"; };
		4FCBA9F120A5E3C00073C605 /* old_codec_ids.h */ = {isa = PBXFileReference; fileEncoding = 4; lastKnownFileType = sourcecode.c.h; path = old_codec_ids.h; sourceTree = "<group>"; };
		4FCBA9F320A5E3C00073C605 /* avresample.h */ = {isa = PBXFileReference; fileEncoding = 4; lastKnownFileType = sourcecode.c.h; path = avresample.h; sourceTree = "<group>"; };
		4FCBA9F420A5E3C00073C605 /* version.h */ = {isa = PBXFileReference; fileEncoding = 4; lastKnownFileType = sourcecode.c.h; path = version.h; sourceTree = "<group>"; };
		4FCBA9F620A5E3C00073C605 /* version.h */ = {isa = PBXFileReference; fileEncoding = 4; lastKnownFileType = sourcecode.c.h; path = version.h; sourceTree = "<group>"; };
		4FCBA9F720A5E3C00073C605 /* swresample.h */ = {isa = PBXFileReference; fileEncoding = 4; lastKnownFileType = sourcecode.c.h; path = swresample.h; sourceTree = "<group>"; };
		4FCBAA5B20A5ECE10073C605 /* module.map */ = {isa = PBXFileReference; lastKnownFileType = "sourcecode.module-map"; path = module.map; sourceTree = "<group>"; };
		4FCBAA5F20A5F73D0073C605 /* ffmpeg.h */ = {isa = PBXFileReference; lastKnownFileType = sourcecode.c.h; path = ffmpeg.h; sourceTree = "<group>"; };
		4FF66F3C20A57A0F0083DB0A /* VideoPreviewer.framework */ = {isa = PBXFileReference; explicitFileType = wrapper.framework; includeInIndex = 0; path = VideoPreviewer.framework; sourceTree = BUILT_PRODUCTS_DIR; };
		4FF66F3F20A57A0F0083DB0A /* VideoPreviewer.h */ = {isa = PBXFileReference; lastKnownFileType = sourcecode.c.h; path = VideoPreviewer.h; sourceTree = "<group>"; };
		4FF66F4020A57A0F0083DB0A /* Info.plist */ = {isa = PBXFileReference; lastKnownFileType = text.plist.xml; path = Info.plist; sourceTree = "<group>"; };
		4FF66F4F20A57A690083DB0A /* VideoPreviewerQueue.swift */ = {isa = PBXFileReference; fileEncoding = 4; lastKnownFileType = sourcecode.swift; path = VideoPreviewerQueue.swift; sourceTree = "<group>"; };
		4FF66F5020A57A690083DB0A /* Utils.swift */ = {isa = PBXFileReference; fileEncoding = 4; lastKnownFileType = sourcecode.swift; path = Utils.swift; sourceTree = "<group>"; };
		4FF66F5120A57A690083DB0A /* VideoPreviewer.swift */ = {isa = PBXFileReference; fileEncoding = 4; lastKnownFileType = sourcecode.swift; path = VideoPreviewer.swift; sourceTree = "<group>"; };
		4FF66F5220A57A690083DB0A /* MovieGLView.swift */ = {isa = PBXFileReference; fileEncoding = 4; lastKnownFileType = sourcecode.swift; path = MovieGLView.swift; sourceTree = "<group>"; };
		4FF66F5C20A57A930083DB0A /* VideoPreviewerQueueTests.xctest */ = {isa = PBXFileReference; explicitFileType = wrapper.cfbundle; includeInIndex = 0; path = VideoPreviewerQueueTests.xctest; sourceTree = BUILT_PRODUCTS_DIR; };
		4FF66F5E20A57A930083DB0A /* VideoPreviewerQueueTests.swift */ = {isa = PBXFileReference; lastKnownFileType = sourcecode.swift; path = VideoPreviewerQueueTests.swift; sourceTree = "<group>"; };
		4FF66F6020A57A930083DB0A /* Info.plist */ = {isa = PBXFileReference; lastKnownFileType = text.plist.xml; path = Info.plist; sourceTree = "<group>"; };
/* End PBXFileReference section */

/* Begin PBXFrameworksBuildPhase section */
		4F113F0820A6B17B00BB0FAB /* Frameworks */ = {
			isa = PBXFrameworksBuildPhase;
			buildActionMask = 2147483647;
			files = (
				4F113F1020A6B17B00BB0FAB /* VideoPreviewer.framework in Frameworks */,
			);
			runOnlyForDeploymentPostprocessing = 0;
		};
		4FF66F3820A57A0F0083DB0A /* Frameworks */ = {
			isa = PBXFrameworksBuildPhase;
			buildActionMask = 2147483647;
			files = (
				4F113F1C20A6B30B00BB0FAB /* libz.tbd in Frameworks */,
				4FCBA9F920A5E3C00073C605 /* libavfilter.a in Frameworks */,
				4FCBA9FB20A5E3C00073C605 /* libavresample.a in Frameworks */,
				4FCBA9F820A5E3C00073C605 /* libavutil.a in Frameworks */,
				4FCBA9FC20A5E3C00073C605 /* libavformat.a in Frameworks */,
				4FCBA9FF20A5E3C00073C605 /* libswscale.a in Frameworks */,
				4FCBA9FD20A5E3C00073C605 /* libavdevice.a in Frameworks */,
				4FCBA9FE20A5E3C00073C605 /* libswresample.a in Frameworks */,
				4FCBA9FA20A5E3C00073C605 /* libavcodec.a in Frameworks */,
			);
			runOnlyForDeploymentPostprocessing = 0;
		};
		4FF66F5920A57A930083DB0A /* Frameworks */ = {
			isa = PBXFrameworksBuildPhase;
			buildActionMask = 2147483647;
			files = (
				4FF66F6120A57A930083DB0A /* VideoPreviewer.framework in Frameworks */,
			);
			runOnlyForDeploymentPostprocessing = 0;
		};
/* End PBXFrameworksBuildPhase section */

/* Begin PBXGroup section */
		4F113F0C20A6B17B00BB0FAB /* VideoPreviewerParserTests */ = {
			isa = PBXGroup;
			children = (
				4F113F0F20A6B17B00BB0FAB /* Info.plist */,
				4F113F1920A6B20500BB0FAB /* VideoPreviewerH264ParserTests.swift */,
			);
			path = VideoPreviewerParserTests;
			sourceTree = "<group>";
		};
		4FCBA98120A5D3AA0073C605 /* Parser */ = {
			isa = PBXGroup;
			children = (
				4FCBA98220A5D3E20073C605 /* VideoPreviewerParser.swift */,
				4FCBA98420A5D3F50073C605 /* VideoPreviewerH264Parser.swift */,
				4FCBA98620A5D52C0073C605 /* VideoFrame.swift */,
			);
			path = Parser;
			sourceTree = "<group>";
		};
		4FCBA98B20A5E3720073C605 /* ffmpeg */ = {
			isa = PBXGroup;
			children = (
				4FCBAA5F20A5F73D0073C605 /* ffmpeg.h */,
				4FCBAA5B20A5ECE10073C605 /* module.map */,
				4FCBA99520A5E3C00073C605 /* include */,
				4FCBA98C20A5E3C00073C605 /* lib */,
			);
			path = ffmpeg;
			sourceTree = "<group>";
		};
		4FCBA98C20A5E3C00073C605 /* lib */ = {
			isa = PBXGroup;
			children = (
				4FCBA98D20A5E3C00073C605 /* libavutil.a */,
				4FCBA98E20A5E3C00073C605 /* libavfilter.a */,
				4FCBA98F20A5E3C00073C605 /* libavcodec.a */,
				4FCBA99020A5E3C00073C605 /* libavresample.a */,
				4FCBA99120A5E3C00073C605 /* libavformat.a */,
				4FCBA99220A5E3C00073C605 /* libavdevice.a */,
				4FCBA99320A5E3C00073C605 /* libswresample.a */,
				4FCBA99420A5E3C00073C605 /* libswscale.a */,
			);
			path = lib;
			sourceTree = "<group>";
		};
		4FCBA99520A5E3C00073C605 /* include */ = {
			isa = PBXGroup;
			children = (
				4FCBA99620A5E3C00073C605 /* libavfilter */,
				4FCBA99E20A5E3C00073C605 /* libavutil */,
				4FCBA9DC20A5E3C00073C605 /* libavdevice */,
				4FCBA9DF20A5E3C00073C605 /* libavformat */,
				4FCBA9E320A5E3C00073C605 /* libswscale */,
				4FCBA9E620A5E3C00073C605 /* libavcodec */,
				4FCBA9F220A5E3C00073C605 /* libavresample */,
				4FCBA9F520A5E3C00073C605 /* libswresample */,
			);
			path = include;
			sourceTree = "<group>";
		};
		4FCBA99620A5E3C00073C605 /* libavfilter */ = {
			isa = PBXGroup;
			children = (
				4FCBA99720A5E3C00073C605 /* avcodec.h */,
				4FCBA99820A5E3C00073C605 /* version.h */,
				4FCBA99920A5E3C00073C605 /* buffersrc.h */,
				4FCBA99A20A5E3C00073C605 /* asrc_abuffer.h */,
				4FCBA99B20A5E3C00073C605 /* buffersink.h */,
				4FCBA99C20A5E3C00073C605 /* avfilter.h */,
				4FCBA99D20A5E3C00073C605 /* avfiltergraph.h */,
			);
			path = libavfilter;
			sourceTree = "<group>";
		};
		4FCBA99E20A5E3C00073C605 /* libavutil */ = {
			isa = PBXGroup;
			children = (
				4FCBA99F20A5E3C00073C605 /* time.h */,
				4FCBA9A020A5E3C00073C605 /* intfloat.h */,
				4FCBA9A120A5E3C00073C605 /* error.h */,
				4FCBA9A220A5E3C00073C605 /* fifo.h */,
				4FCBA9A320A5E3C00073C605 /* blowfish.h */,
				4FCBA9A420A5E3C00073C605 /* replaygain.h */,
				4FCBA9A520A5E3C00073C605 /* version.h */,
				4FCBA9A620A5E3C00073C605 /* murmur3.h */,
				4FCBA9A720A5E3C00073C605 /* stereo3d.h */,
				4FCBA9A820A5E3C00073C605 /* samplefmt.h */,
				4FCBA9A920A5E3C00073C605 /* pixdesc.h */,
				4FCBA9AA20A5E3C00073C605 /* base64.h */,
				4FCBA9AB20A5E3C00073C605 /* rational.h */,
				4FCBA9AC20A5E3C00073C605 /* sha.h */,
				4FCBA9AD20A5E3C00073C605 /* motion_vector.h */,
				4FCBA9AE20A5E3C00073C605 /* avconfig.h */,
				4FCBA9AF20A5E3C00073C605 /* lfg.h */,
				4FCBA9B020A5E3C00073C605 /* avutil.h */,
				4FCBA9B120A5E3C00073C605 /* xtea.h */,
				4FCBA9B220A5E3C00073C605 /* crc.h */,
				4FCBA9B320A5E3C00073C605 /* frame.h */,
				4FCBA9B420A5E3C00073C605 /* file.h */,
				4FCBA9B520A5E3C00073C605 /* md5.h */,
				4FCBA9B620A5E3C00073C605 /* cast5.h */,
				4FCBA9B720A5E3C00073C605 /* ffversion.h */,
				4FCBA9B820A5E3C00073C605 /* audio_fifo.h */,
				4FCBA9B920A5E3C00073C605 /* threadmessage.h */,
				4FCBA9BA20A5E3C00073C605 /* attributes.h */,
				4FCBA9BB20A5E3C00073C605 /* adler32.h */,
				4FCBA9BC20A5E3C00073C605 /* timecode.h */,
				4FCBA9BD20A5E3C00073C605 /* sha512.h */,
				4FCBA9BE20A5E3C00073C605 /* display.h */,
				4FCBA9BF20A5E3C00073C605 /* buffer.h */,
				4FCBA9C020A5E3C00073C605 /* pixelutils.h */,
				4FCBA9C120A5E3C00073C605 /* common.h */,
				4FCBA9C220A5E3C00073C605 /* hmac.h */,
				4FCBA9C320A5E3C00073C605 /* eval.h */,
				4FCBA9C420A5E3C00073C605 /* dict.h */,
				4FCBA9C520A5E3C00073C605 /* random_seed.h */,
				4FCBA9C620A5E3C00073C605 /* opt.h */,
				4FCBA9C720A5E3C00073C605 /* log.h */,
				4FCBA9C820A5E3C00073C605 /* aes.h */,
				4FCBA9C920A5E3C00073C605 /* macros.h */,
				4FCBA9CA20A5E3C00073C605 /* bswap.h */,
				4FCBA9CB20A5E3C00073C605 /* old_pix_fmts.h */,
				4FCBA9CC20A5E3C00073C605 /* cpu.h */,
				4FCBA9CD20A5E3C00073C605 /* audioconvert.h */,
				4FCBA9CE20A5E3C00073C605 /* channel_layout.h */,
				4FCBA9CF20A5E3C00073C605 /* imgutils.h */,
				4FCBA9D020A5E3C00073C605 /* mem.h */,
				4FCBA9D120A5E3C00073C605 /* parseutils.h */,
				4FCBA9D220A5E3C00073C605 /* ripemd.h */,
				4FCBA9D320A5E3C00073C605 /* bprint.h */,
				4FCBA9D420A5E3C00073C605 /* pixfmt.h */,
				4FCBA9D520A5E3C00073C605 /* timestamp.h */,
				4FCBA9D620A5E3C00073C605 /* downmix_info.h */,
				4FCBA9D720A5E3C00073C605 /* avassert.h */,
				4FCBA9D820A5E3C00073C605 /* hash.h */,
				4FCBA9D920A5E3C00073C605 /* mathematics.h */,
				4FCBA9DA20A5E3C00073C605 /* intreadwrite.h */,
				4FCBA9DB20A5E3C00073C605 /* avstring.h */,
			);
			path = libavutil;
			sourceTree = "<group>";
		};
		4FCBA9DC20A5E3C00073C605 /* libavdevice */ = {
			isa = PBXGroup;
			children = (
				4FCBA9DD20A5E3C00073C605 /* version.h */,
				4FCBA9DE20A5E3C00073C605 /* avdevice.h */,
			);
			path = libavdevice;
			sourceTree = "<group>";
		};
		4FCBA9DF20A5E3C00073C605 /* libavformat */ = {
			isa = PBXGroup;
			children = (
				4FCBA9E020A5E3C00073C605 /* version.h */,
				4FCBA9E120A5E3C00073C605 /* avio.h */,
				4FCBA9E220A5E3C00073C605 /* avformat.h */,
			);
			path = libavformat;
			sourceTree = "<group>";
		};
		4FCBA9E320A5E3C00073C605 /* libswscale */ = {
			isa = PBXGroup;
			children = (
				4FCBA9E420A5E3C00073C605 /* version.h */,
				4FCBA9E520A5E3C00073C605 /* swscale.h */,
			);
			path = libswscale;
			sourceTree = "<group>";
		};
		4FCBA9E620A5E3C00073C605 /* libavcodec */ = {
			isa = PBXGroup;
			children = (
				4FCBA9E720A5E3C00073C605 /* avcodec.h */,
				4FCBA9E820A5E3C00073C605 /* version.h */,
				4FCBA9E920A5E3C00073C605 /* vdpau.h */,
				4FCBA9EA20A5E3C00073C605 /* vaapi.h */,
				4FCBA9EB20A5E3C00073C605 /* xvmc.h */,
				4FCBA9EC20A5E3C00073C605 /* avfft.h */,
				4FCBA9ED20A5E3C00073C605 /* vda.h */,
				4FCBA9EE20A5E3C00073C605 /* vorbis_parser.h */,
				4FCBA9EF20A5E3C00073C605 /* dxva2.h */,
				4FCBA9F020A5E3C00073C605 /* dv_profile.h */,
				4FCBA9F120A5E3C00073C605 /* old_codec_ids.h */,
			);
			path = libavcodec;
			sourceTree = "<group>";
		};
		4FCBA9F220A5E3C00073C605 /* libavresample */ = {
			isa = PBXGroup;
			children = (
				4FCBA9F320A5E3C00073C605 /* avresample.h */,
				4FCBA9F420A5E3C00073C605 /* version.h */,
			);
			path = libavresample;
			sourceTree = "<group>";
		};
		4FCBA9F520A5E3C00073C605 /* libswresample */ = {
			isa = PBXGroup;
			children = (
				4FCBA9F620A5E3C00073C605 /* version.h */,
				4FCBA9F720A5E3C00073C605 /* swresample.h */,
			);
			path = libswresample;
			sourceTree = "<group>";
		};
		4FCBAA5C20A5EF5C0073C605 /* Frameworks */ = {
			isa = PBXGroup;
			children = (
				4F113F1B20A6B30B00BB0FAB /* libz.tbd */,
			);
			name = Frameworks;
			sourceTree = "<group>";
		};
		4FF66F3220A57A0F0083DB0A = {
			isa = PBXGroup;
			children = (
				4FF66F3E20A57A0F0083DB0A /* VideoPreviewer */,
				4FF66F5D20A57A930083DB0A /* VideoPreviewerQueueTests */,
				4F113F0C20A6B17B00BB0FAB /* VideoPreviewerParserTests */,
				4FF66F3D20A57A0F0083DB0A /* Products */,
				4FCBAA5C20A5EF5C0073C605 /* Frameworks */,
			);
			sourceTree = "<group>";
		};
		4FF66F3D20A57A0F0083DB0A /* Products */ = {
			isa = PBXGroup;
			children = (
				4FF66F3C20A57A0F0083DB0A /* VideoPreviewer.framework */,
				4FF66F5C20A57A930083DB0A /* VideoPreviewerQueueTests.xctest */,
				4F113F0B20A6B17B00BB0FAB /* VideoPreviewerParserTests.xctest */,
			);
			name = Products;
			sourceTree = "<group>";
		};
		4FF66F3E20A57A0F0083DB0A /* VideoPreviewer */ = {
			isa = PBXGroup;
			children = (
				4FCBA98B20A5E3720073C605 /* ffmpeg */,
				4FCBA98120A5D3AA0073C605 /* Parser */,
				4FF66F5220A57A690083DB0A /* MovieGLView.swift */,
				4FF66F5020A57A690083DB0A /* Utils.swift */,
				4FF66F5120A57A690083DB0A /* VideoPreviewer.swift */,
				4FF66F4F20A57A690083DB0A /* VideoPreviewerQueue.swift */,
				4FCBA97820A57EA70073C605 /* VideoPreviewerAsyncCommandQueue.swift */,
				4FCBA97A20A57F950073C605 /* VideoPreviewerAsyncCommand.swift */,
				4FF66F5720A57A760083DB0A /* Support File */,
			);
			path = VideoPreviewer;
			sourceTree = "<group>";
		};
		4FF66F5720A57A760083DB0A /* Support File */ = {
			isa = PBXGroup;
			children = (
				4FF66F3F20A57A0F0083DB0A /* VideoPreviewer.h */,
				4FF66F4020A57A0F0083DB0A /* Info.plist */,
			);
			name = "Support File";
			sourceTree = "<group>";
		};
		4FF66F5D20A57A930083DB0A /* VideoPreviewerQueueTests */ = {
			isa = PBXGroup;
			children = (
				4FF66F5E20A57A930083DB0A /* VideoPreviewerQueueTests.swift */,
				4FCBA97C20A5974E0073C605 /* VideoPreviewerAsyncCommandQueueTests.swift */,
				4FF66F6020A57A930083DB0A /* Info.plist */,
			);
			path = VideoPreviewerQueueTests;
			sourceTree = "<group>";
		};
/* End PBXGroup section */

/* Begin PBXHeadersBuildPhase section */
		4FF66F3920A57A0F0083DB0A /* Headers */ = {
			isa = PBXHeadersBuildPhase;
			buildActionMask = 2147483647;
			files = (
				4FCBAA4720A5E3C00073C605 /* avio.h in Headers */,
				4FCBAA4C20A5E3C00073C605 /* version.h in Headers */,
				4FCBAA5620A5E3C00073C605 /* avresample.h in Headers */,
				4FCBAA2C20A5E3C00073C605 /* dict.h in Headers */,
				4FCBAA1C20A5E3C00073C605 /* file.h in Headers */,
				4FCBAA3B20A5E3C00073C605 /* bprint.h in Headers */,
				4FCBAA0720A5E3C00073C605 /* time.h in Headers */,
				4FCBAA0020A5E3C00073C605 /* avcodec.h in Headers */,
				4FCBAA2120A5E3C00073C605 /* threadmessage.h in Headers */,
				4FCBAA2920A5E3C00073C605 /* common.h in Headers */,
				4FCBAA5720A5E3C00073C605 /* version.h in Headers */,
				4FCBAA4820A5E3C00073C605 /* avformat.h in Headers */,
				4FCBAA0920A5E3C00073C605 /* error.h in Headers */,
				4FCBAA4F20A5E3C00073C605 /* xvmc.h in Headers */,
				4FCBAA4920A5E3C00073C605 /* version.h in Headers */,
				4FCBAA0520A5E3C00073C605 /* avfilter.h in Headers */,
				4FCBAA4B20A5E3C00073C605 /* avcodec.h in Headers */,
				4FCBAA3020A5E3C00073C605 /* aes.h in Headers */,
				4FCBAA3420A5E3C00073C605 /* cpu.h in Headers */,
				4FCBAA0C20A5E3C00073C605 /* replaygain.h in Headers */,
				4FCBAA2320A5E3C00073C605 /* adler32.h in Headers */,
				4FCBAA4620A5E3C00073C605 /* version.h in Headers */,
				4FCBAA3620A5E3C00073C605 /* channel_layout.h in Headers */,
				4FCBAA4020A5E3C00073C605 /* hash.h in Headers */,
				4FCBAA2520A5E3C00073C605 /* sha512.h in Headers */,
				4FCBAA0120A5E3C00073C605 /* version.h in Headers */,
				4FCBAA5020A5E3C00073C605 /* avfft.h in Headers */,
				4FCBAA1520A5E3C00073C605 /* motion_vector.h in Headers */,
				4FCBAA3320A5E3C00073C605 /* old_pix_fmts.h in Headers */,
				4FCBAA1320A5E3C00073C605 /* rational.h in Headers */,
				4FCBAA2720A5E3C00073C605 /* buffer.h in Headers */,
				4FCBAA5520A5E3C00073C605 /* old_codec_ids.h in Headers */,
				4FCBAA4A20A5E3C00073C605 /* swscale.h in Headers */,
				4FF66F4120A57A0F0083DB0A /* VideoPreviewer.h in Headers */,
				4FCBAA4220A5E3C00073C605 /* intreadwrite.h in Headers */,
				4FCBAA4E20A5E3C00073C605 /* vaapi.h in Headers */,
				4FCBAA3820A5E3C00073C605 /* mem.h in Headers */,
				4FCBAA0B20A5E3C00073C605 /* blowfish.h in Headers */,
				4FCBAA1920A5E3C00073C605 /* xtea.h in Headers */,
				4FCBAA0620A5E3C00073C605 /* avfiltergraph.h in Headers */,
				4FCBAA1720A5E3C00073C605 /* lfg.h in Headers */,
				4FCBAA3F20A5E3C00073C605 /* avassert.h in Headers */,
				4FCBAA3920A5E3C00073C605 /* parseutils.h in Headers */,
				4FCBAA0320A5E3C00073C605 /* asrc_abuffer.h in Headers */,
				4FCBAA3720A5E3C00073C605 /* imgutils.h in Headers */,
				4FCBAA1B20A5E3C00073C605 /* frame.h in Headers */,
				4FCBAA3D20A5E3C00073C605 /* timestamp.h in Headers */,
				4FCBAA1420A5E3C00073C605 /* sha.h in Headers */,
				4FCBAA5320A5E3C00073C605 /* dxva2.h in Headers */,
				4FCBAA4420A5E3C00073C605 /* version.h in Headers */,
				4FCBAA1620A5E3C00073C605 /* avconfig.h in Headers */,
				4FCBAA1F20A5E3C00073C605 /* ffversion.h in Headers */,
				4FCBAA0E20A5E3C00073C605 /* murmur3.h in Headers */,
				4FCBAA0D20A5E3C00073C605 /* version.h in Headers */,
				4FCBAA0A20A5E3C00073C605 /* fifo.h in Headers */,
				4FCBAA2420A5E3C00073C605 /* timecode.h in Headers */,
				4FCBAA1A20A5E3C00073C605 /* crc.h in Headers */,
				4FCBAA5420A5E3C00073C605 /* dv_profile.h in Headers */,
				4FCBAA2E20A5E3C00073C605 /* opt.h in Headers */,
				4FCBAA1D20A5E3C00073C605 /* md5.h in Headers */,
				4FCBAA5920A5E3C00073C605 /* swresample.h in Headers */,
				4FCBAA4120A5E3C00073C605 /* mathematics.h in Headers */,
				4FCBAA3A20A5E3C00073C605 /* ripemd.h in Headers */,
				4FCBAA2820A5E3C00073C605 /* pixelutils.h in Headers */,
				4FCBAA1120A5E3C00073C605 /* pixdesc.h in Headers */,
				4FCBAA5120A5E3C00073C605 /* vda.h in Headers */,
				4FCBAA0F20A5E3C00073C605 /* stereo3d.h in Headers */,
				4FCBAA2A20A5E3C00073C605 /* hmac.h in Headers */,
				4FCBAA1220A5E3C00073C605 /* base64.h in Headers */,
				4FCBAA3220A5E3C00073C605 /* bswap.h in Headers */,
				4FCBAA2020A5E3C00073C605 /* audio_fifo.h in Headers */,
				4FCBAA2220A5E3C00073C605 /* attributes.h in Headers */,
				4FCBAA1820A5E3C00073C605 /* avutil.h in Headers */,
				4FCBAA3120A5E3C00073C605 /* macros.h in Headers */,
				4FCBAA4D20A5E3C00073C605 /* vdpau.h in Headers */,
				4FCBAA1020A5E3C00073C605 /* samplefmt.h in Headers */,
				4FCBAA3E20A5E3C00073C605 /* downmix_info.h in Headers */,
				4FCBAA4520A5E3C00073C605 /* avdevice.h in Headers */,
				4FCBAA0220A5E3C00073C605 /* buffersrc.h in Headers */,
				4FCBAA2B20A5E3C00073C605 /* eval.h in Headers */,
				4FCBAA5220A5E3C00073C605 /* vorbis_parser.h in Headers */,
				4FCBAA2F20A5E3C00073C605 /* log.h in Headers */,
				4FCBAA2D20A5E3C00073C605 /* random_seed.h in Headers */,
				4FCBAA3520A5E3C00073C605 /* audioconvert.h in Headers */,
				4FCBAA1E20A5E3C00073C605 /* cast5.h in Headers */,
				4FCBAA2620A5E3C00073C605 /* display.h in Headers */,
				4FCBAA5820A5E3C00073C605 /* version.h in Headers */,
				4FCBAA0420A5E3C00073C605 /* buffersink.h in Headers */,
				4FCBAA4320A5E3C00073C605 /* avstring.h in Headers */,
				4FCBAA3C20A5E3C00073C605 /* pixfmt.h in Headers */,
				4FCBAA0820A5E3C00073C605 /* intfloat.h in Headers */,
			);
			runOnlyForDeploymentPostprocessing = 0;
		};
/* End PBXHeadersBuildPhase section */

/* Begin PBXNativeTarget section */
		4F113F0A20A6B17B00BB0FAB /* VideoPreviewerParserTests */ = {
			isa = PBXNativeTarget;
			buildConfigurationList = 4F113F1320A6B17B00BB0FAB /* Build configuration list for PBXNativeTarget "VideoPreviewerParserTests" */;
			buildPhases = (
				4F113F0720A6B17B00BB0FAB /* Sources */,
				4F113F0820A6B17B00BB0FAB /* Frameworks */,
				4F113F0920A6B17B00BB0FAB /* Resources */,
			);
			buildRules = (
			);
			dependencies = (
				4F113F1220A6B17B00BB0FAB /* PBXTargetDependency */,
			);
			name = VideoPreviewerParserTests;
			productName = VideoPreviewerParserTests;
			productReference = 4F113F0B20A6B17B00BB0FAB /* VideoPreviewerParserTests.xctest */;
			productType = "com.apple.product-type.bundle.unit-test";
		};
		4FF66F3B20A57A0F0083DB0A /* VideoPreviewer */ = {
			isa = PBXNativeTarget;
			buildConfigurationList = 4FF66F4420A57A0F0083DB0A /* Build configuration list for PBXNativeTarget "VideoPreviewer" */;
			buildPhases = (
				4FF66F3720A57A0F0083DB0A /* Sources */,
				4FF66F3820A57A0F0083DB0A /* Frameworks */,
				4FF66F3920A57A0F0083DB0A /* Headers */,
				4FF66F3A20A57A0F0083DB0A /* Resources */,
			);
			buildRules = (
			);
			dependencies = (
			);
			name = VideoPreviewer;
			productName = VideoPreviewer;
			productReference = 4FF66F3C20A57A0F0083DB0A /* VideoPreviewer.framework */;
			productType = "com.apple.product-type.framework";
		};
		4FF66F5B20A57A930083DB0A /* VideoPreviewerQueueTests */ = {
			isa = PBXNativeTarget;
			buildConfigurationList = 4FF66F6420A57A930083DB0A /* Build configuration list for PBXNativeTarget "VideoPreviewerQueueTests" */;
			buildPhases = (
				4FF66F5820A57A930083DB0A /* Sources */,
				4FF66F5920A57A930083DB0A /* Frameworks */,
				4FF66F5A20A57A930083DB0A /* Resources */,
			);
			buildRules = (
			);
			dependencies = (
				4FF66F6320A57A930083DB0A /* PBXTargetDependency */,
			);
			name = VideoPreviewerQueueTests;
			productName = VideoPreviewerQueueTests;
			productReference = 4FF66F5C20A57A930083DB0A /* VideoPreviewerQueueTests.xctest */;
			productType = "com.apple.product-type.bundle.unit-test";
		};
/* End PBXNativeTarget section */

/* Begin PBXProject section */
		4FF66F3320A57A0F0083DB0A /* Project object */ = {
			isa = PBXProject;
			attributes = {
				LastSwiftUpdateCheck = 0930;
				LastUpgradeCheck = 0930;
				ORGANIZATIONNAME = eric3u;
				TargetAttributes = {
					4F113F0A20A6B17B00BB0FAB = {
						CreatedOnToolsVersion = 9.3;
					};
					4FF66F3B20A57A0F0083DB0A = {
						CreatedOnToolsVersion = 9.3;
						LastSwiftMigration = 0930;
					};
					4FF66F5B20A57A930083DB0A = {
						CreatedOnToolsVersion = 9.3;
					};
				};
			};
			buildConfigurationList = 4FF66F3620A57A0F0083DB0A /* Build configuration list for PBXProject "VideoPreviewer" */;
			compatibilityVersion = "Xcode 9.3";
			developmentRegion = en;
			hasScannedForEncodings = 0;
			knownRegions = (
				en,
			);
			mainGroup = 4FF66F3220A57A0F0083DB0A;
			productRefGroup = 4FF66F3D20A57A0F0083DB0A /* Products */;
			projectDirPath = "";
			projectRoot = "";
			targets = (
				4FF66F3B20A57A0F0083DB0A /* VideoPreviewer */,
				4FF66F5B20A57A930083DB0A /* VideoPreviewerQueueTests */,
				4F113F0A20A6B17B00BB0FAB /* VideoPreviewerParserTests */,
			);
		};
/* End PBXProject section */

/* Begin PBXResourcesBuildPhase section */
		4F113F0920A6B17B00BB0FAB /* Resources */ = {
			isa = PBXResourcesBuildPhase;
			buildActionMask = 2147483647;
			files = (
			);
			runOnlyForDeploymentPostprocessing = 0;
		};
		4FF66F3A20A57A0F0083DB0A /* Resources */ = {
			isa = PBXResourcesBuildPhase;
			buildActionMask = 2147483647;
			files = (
			);
			runOnlyForDeploymentPostprocessing = 0;
		};
		4FF66F5A20A57A930083DB0A /* Resources */ = {
			isa = PBXResourcesBuildPhase;
			buildActionMask = 2147483647;
			files = (
			);
			runOnlyForDeploymentPostprocessing = 0;
		};
/* End PBXResourcesBuildPhase section */

/* Begin PBXSourcesBuildPhase section */
		4F113F0720A6B17B00BB0FAB /* Sources */ = {
			isa = PBXSourcesBuildPhase;
			buildActionMask = 2147483647;
			files = (
				4F113F1720A6B18700BB0FAB /* VideoPreviewerH264Parser.swift in Sources */,
				4F113F1820A6B18A00BB0FAB /* VideoPreviewerParser.swift in Sources */,
				4F113F1A20A6B20500BB0FAB /* VideoPreviewerH264ParserTests.swift in Sources */,
				4F113F1620A6B18400BB0FAB /* VideoFrame.swift in Sources */,
			);
			runOnlyForDeploymentPostprocessing = 0;
		};
		4FF66F3720A57A0F0083DB0A /* Sources */ = {
			isa = PBXSourcesBuildPhase;
			buildActionMask = 2147483647;
			files = (
				4FCBA98320A5D3E20073C605 /* VideoPreviewerParser.swift in Sources */,
				4FF66F5320A57A690083DB0A /* VideoPreviewerQueue.swift in Sources */,
				4FCBA97920A57EA70073C605 /* VideoPreviewerAsyncCommandQueue.swift in Sources */,
				4FCBA98520A5D3F50073C605 /* VideoPreviewerH264Parser.swift in Sources */,
				4FCBA97B20A57F950073C605 /* VideoPreviewerAsyncCommand.swift in Sources */,
				4FCBA98720A5D52C0073C605 /* VideoFrame.swift in Sources */,
				4FF66F5620A57A690083DB0A /* MovieGLView.swift in Sources */,
				4FF66F5420A57A690083DB0A /* Utils.swift in Sources */,
			);
			runOnlyForDeploymentPostprocessing = 0;
		};
		4FF66F5820A57A930083DB0A /* Sources */ = {
			isa = PBXSourcesBuildPhase;
			buildActionMask = 2147483647;
			files = (
				4FF66F5F20A57A930083DB0A /* VideoPreviewerQueueTests.swift in Sources */,
				4FCBA97E20A597540073C605 /* VideoPreviewerAsyncCommand.swift in Sources */,
				4FCBA97D20A5974E0073C605 /* VideoPreviewerAsyncCommandQueueTests.swift in Sources */,
				4FF66F6920A57B5E0083DB0A /* VideoPreviewerQueue.swift in Sources */,
				4FCBA97F20A597570073C605 /* VideoPreviewerAsyncCommandQueue.swift in Sources */,
			);
			runOnlyForDeploymentPostprocessing = 0;
		};
/* End PBXSourcesBuildPhase section */

/* Begin PBXTargetDependency section */
		4F113F1220A6B17B00BB0FAB /* PBXTargetDependency */ = {
			isa = PBXTargetDependency;
			target = 4FF66F3B20A57A0F0083DB0A /* VideoPreviewer */;
			targetProxy = 4F113F1120A6B17B00BB0FAB /* PBXContainerItemProxy */;
		};
		4FF66F6320A57A930083DB0A /* PBXTargetDependency */ = {
			isa = PBXTargetDependency;
			target = 4FF66F3B20A57A0F0083DB0A /* VideoPreviewer */;
			targetProxy = 4FF66F6220A57A930083DB0A /* PBXContainerItemProxy */;
		};
/* End PBXTargetDependency section */

/* Begin XCBuildConfiguration section */
		4F113F1420A6B17B00BB0FAB /* Debug */ = {
			isa = XCBuildConfiguration;
			buildSettings = {
				CODE_SIGN_STYLE = Automatic;
				DEVELOPMENT_TEAM = 2VQ94C2355;
				INFOPLIST_FILE = VideoPreviewerParserTests/Info.plist;
				LD_RUNPATH_SEARCH_PATHS = (
					"$(inherited)",
					"@executable_path/Frameworks",
					"@loader_path/Frameworks",
				);
				PRODUCT_BUNDLE_IDENTIFIER = com.eric3u.VideoPreviewerParserTests;
				PRODUCT_NAME = "$(TARGET_NAME)";
				SWIFT_VERSION = 4.0;
				TARGETED_DEVICE_FAMILY = "1,2";
			};
			name = Debug;
		};
		4F113F1520A6B17B00BB0FAB /* Release */ = {
			isa = XCBuildConfiguration;
			buildSettings = {
				CODE_SIGN_STYLE = Automatic;
				DEVELOPMENT_TEAM = 2VQ94C2355;
				INFOPLIST_FILE = VideoPreviewerParserTests/Info.plist;
				LD_RUNPATH_SEARCH_PATHS = (
					"$(inherited)",
					"@executable_path/Frameworks",
					"@loader_path/Frameworks",
				);
				PRODUCT_BUNDLE_IDENTIFIER = com.eric3u.VideoPreviewerParserTests;
				PRODUCT_NAME = "$(TARGET_NAME)";
				SWIFT_VERSION = 4.0;
				TARGETED_DEVICE_FAMILY = "1,2";
			};
			name = Release;
		};
		4FF66F4220A57A0F0083DB0A /* Debug */ = {
			isa = XCBuildConfiguration;
			buildSettings = {
				ALWAYS_SEARCH_USER_PATHS = NO;
				CLANG_ALLOW_NON_MODULAR_INCLUDES_IN_FRAMEWORK_MODULES = YES;
				CLANG_ANALYZER_NONNULL = YES;
				CLANG_ANALYZER_NUMBER_OBJECT_CONVERSION = YES_AGGRESSIVE;
				CLANG_CXX_LANGUAGE_STANDARD = "gnu++14";
				CLANG_CXX_LIBRARY = "libc++";
				CLANG_ENABLE_MODULES = YES;
				CLANG_ENABLE_OBJC_ARC = YES;
				CLANG_ENABLE_OBJC_WEAK = YES;
				CLANG_WARN_BLOCK_CAPTURE_AUTORELEASING = YES;
				CLANG_WARN_BOOL_CONVERSION = YES;
				CLANG_WARN_COMMA = YES;
				CLANG_WARN_CONSTANT_CONVERSION = YES;
				CLANG_WARN_DEPRECATED_OBJC_IMPLEMENTATIONS = YES;
				CLANG_WARN_DIRECT_OBJC_ISA_USAGE = YES_ERROR;
				CLANG_WARN_DOCUMENTATION_COMMENTS = YES;
				CLANG_WARN_EMPTY_BODY = YES;
				CLANG_WARN_ENUM_CONVERSION = YES;
				CLANG_WARN_INFINITE_RECURSION = YES;
				CLANG_WARN_INT_CONVERSION = YES;
				CLANG_WARN_NON_LITERAL_NULL_CONVERSION = YES;
				CLANG_WARN_OBJC_IMPLICIT_RETAIN_SELF = YES;
				CLANG_WARN_OBJC_LITERAL_CONVERSION = YES;
				CLANG_WARN_OBJC_ROOT_CLASS = YES_ERROR;
				CLANG_WARN_RANGE_LOOP_ANALYSIS = YES;
				CLANG_WARN_STRICT_PROTOTYPES = YES;
				CLANG_WARN_SUSPICIOUS_MOVE = YES;
				CLANG_WARN_UNGUARDED_AVAILABILITY = YES_AGGRESSIVE;
				CLANG_WARN_UNREACHABLE_CODE = YES;
				CLANG_WARN__DUPLICATE_METHOD_MATCH = YES;
				CODE_SIGN_IDENTITY = "iPhone Developer";
				COPY_PHASE_STRIP = NO;
				CURRENT_PROJECT_VERSION = 1;
				DEBUG_INFORMATION_FORMAT = dwarf;
				ENABLE_STRICT_OBJC_MSGSEND = YES;
				ENABLE_TESTABILITY = YES;
				GCC_C_LANGUAGE_STANDARD = gnu11;
				GCC_DYNAMIC_NO_PIC = NO;
				GCC_NO_COMMON_BLOCKS = YES;
				GCC_OPTIMIZATION_LEVEL = 0;
				GCC_PREPROCESSOR_DEFINITIONS = (
					"DEBUG=1",
					"$(inherited)",
				);
				GCC_WARN_64_TO_32_BIT_CONVERSION = YES;
				GCC_WARN_ABOUT_RETURN_TYPE = YES_ERROR;
				GCC_WARN_UNDECLARED_SELECTOR = YES;
				GCC_WARN_UNINITIALIZED_AUTOS = YES_AGGRESSIVE;
				GCC_WARN_UNUSED_FUNCTION = YES;
				GCC_WARN_UNUSED_VARIABLE = YES;
				HEADER_SEARCH_PATHS = "\"$(SRCROOT)/VideoPreviewer/ffmpeg/include\"";
				IPHONEOS_DEPLOYMENT_TARGET = 11.3;
				MTL_ENABLE_DEBUG_INFO = YES;
				ONLY_ACTIVE_ARCH = YES;
				SDKROOT = iphoneos;
				SWIFT_ACTIVE_COMPILATION_CONDITIONS = DEBUG;
				SWIFT_INCLUDE_PATHS = "$(SRCROOT)/VideoPreviewer/ffmpeg";
				SWIFT_OPTIMIZATION_LEVEL = "-Onone";
				VERSIONING_SYSTEM = "apple-generic";
				VERSION_INFO_PREFIX = "";
			};
			name = Debug;
		};
		4FF66F4320A57A0F0083DB0A /* Release */ = {
			isa = XCBuildConfiguration;
			buildSettings = {
				ALWAYS_SEARCH_USER_PATHS = NO;
				CLANG_ALLOW_NON_MODULAR_INCLUDES_IN_FRAMEWORK_MODULES = YES;
				CLANG_ANALYZER_NONNULL = YES;
				CLANG_ANALYZER_NUMBER_OBJECT_CONVERSION = YES_AGGRESSIVE;
				CLANG_CXX_LANGUAGE_STANDARD = "gnu++14";
				CLANG_CXX_LIBRARY = "libc++";
				CLANG_ENABLE_MODULES = YES;
				CLANG_ENABLE_OBJC_ARC = YES;
				CLANG_ENABLE_OBJC_WEAK = YES;
				CLANG_WARN_BLOCK_CAPTURE_AUTORELEASING = YES;
				CLANG_WARN_BOOL_CONVERSION = YES;
				CLANG_WARN_COMMA = YES;
				CLANG_WARN_CONSTANT_CONVERSION = YES;
				CLANG_WARN_DEPRECATED_OBJC_IMPLEMENTATIONS = YES;
				CLANG_WARN_DIRECT_OBJC_ISA_USAGE = YES_ERROR;
				CLANG_WARN_DOCUMENTATION_COMMENTS = YES;
				CLANG_WARN_EMPTY_BODY = YES;
				CLANG_WARN_ENUM_CONVERSION = YES;
				CLANG_WARN_INFINITE_RECURSION = YES;
				CLANG_WARN_INT_CONVERSION = YES;
				CLANG_WARN_NON_LITERAL_NULL_CONVERSION = YES;
				CLANG_WARN_OBJC_IMPLICIT_RETAIN_SELF = YES;
				CLANG_WARN_OBJC_LITERAL_CONVERSION = YES;
				CLANG_WARN_OBJC_ROOT_CLASS = YES_ERROR;
				CLANG_WARN_RANGE_LOOP_ANALYSIS = YES;
				CLANG_WARN_STRICT_PROTOTYPES = YES;
				CLANG_WARN_SUSPICIOUS_MOVE = YES;
				CLANG_WARN_UNGUARDED_AVAILABILITY = YES_AGGRESSIVE;
				CLANG_WARN_UNREACHABLE_CODE = YES;
				CLANG_WARN__DUPLICATE_METHOD_MATCH = YES;
				CODE_SIGN_IDENTITY = "iPhone Developer";
				COPY_PHASE_STRIP = NO;
				CURRENT_PROJECT_VERSION = 1;
				DEBUG_INFORMATION_FORMAT = "dwarf-with-dsym";
				ENABLE_NS_ASSERTIONS = NO;
				ENABLE_STRICT_OBJC_MSGSEND = YES;
				GCC_C_LANGUAGE_STANDARD = gnu11;
				GCC_NO_COMMON_BLOCKS = YES;
				GCC_WARN_64_TO_32_BIT_CONVERSION = YES;
				GCC_WARN_ABOUT_RETURN_TYPE = YES_ERROR;
				GCC_WARN_UNDECLARED_SELECTOR = YES;
				GCC_WARN_UNINITIALIZED_AUTOS = YES_AGGRESSIVE;
				GCC_WARN_UNUSED_FUNCTION = YES;
				GCC_WARN_UNUSED_VARIABLE = YES;
				HEADER_SEARCH_PATHS = "\"$(SRCROOT)/VideoPreviewer/ffmpeg/include\"";
				IPHONEOS_DEPLOYMENT_TARGET = 11.3;
				MTL_ENABLE_DEBUG_INFO = NO;
				SDKROOT = iphoneos;
				SWIFT_COMPILATION_MODE = wholemodule;
				SWIFT_INCLUDE_PATHS = "$(SRCROOT)/VideoPreviewer/ffmpeg";
				SWIFT_OPTIMIZATION_LEVEL = "-O";
				VALIDATE_PRODUCT = YES;
				VERSIONING_SYSTEM = "apple-generic";
				VERSION_INFO_PREFIX = "";
			};
			name = Release;
		};
		4FF66F4520A57A0F0083DB0A /* Debug */ = {
			isa = XCBuildConfiguration;
			buildSettings = {
				CLANG_ALLOW_NON_MODULAR_INCLUDES_IN_FRAMEWORK_MODULES = NO;
				CLANG_ENABLE_MODULES = YES;
				CODE_SIGN_IDENTITY = "";
				CODE_SIGN_STYLE = Automatic;
				DEFINES_MODULE = YES;
				DEVELOPMENT_TEAM = 2VQ94C2355;
				DYLIB_COMPATIBILITY_VERSION = 1;
				DYLIB_CURRENT_VERSION = 1;
				DYLIB_INSTALL_NAME_BASE = "@rpath";
				HEADER_SEARCH_PATHS = "\"$(SRCROOT)/VideoPreviewer/ffmpeg/include\"";
				INFOPLIST_FILE = VideoPreviewer/Info.plist;
				INSTALL_PATH = "$(LOCAL_LIBRARY_DIR)/Frameworks";
				IPHONEOS_DEPLOYMENT_TARGET = 8.0;
				LD_RUNPATH_SEARCH_PATHS = (
					"$(inherited)",
					"@executable_path/Frameworks",
					"@loader_path/Frameworks",
				);
				LIBRARY_SEARCH_PATHS = (
					"$(inherited)",
					"$(PROJECT_DIR)/VideoPreviewer/ffmpeg/lib",
				);
				MODULEMAP_PRIVATE_FILE = "";
				PRODUCT_BUNDLE_IDENTIFIER = com.eric3u.VideoPreviewer;
				PRODUCT_NAME = "$(TARGET_NAME:c99extidentifier)";
				SKIP_INSTALL = YES;
				SWIFT_INCLUDE_PATHS = "$(SRCROOT)/VideoPreviewer/ffmpeg";
				SWIFT_OBJC_BRIDGING_HEADER = "";
				SWIFT_OPTIMIZATION_LEVEL = "-Onone";
				SWIFT_VERSION = 4.0;
				TARGETED_DEVICE_FAMILY = "1,2";
			};
			name = Debug;
		};
		4FF66F4620A57A0F0083DB0A /* Release */ = {
			isa = XCBuildConfiguration;
			buildSettings = {
				CLANG_ALLOW_NON_MODULAR_INCLUDES_IN_FRAMEWORK_MODULES = NO;
				CLANG_ENABLE_MODULES = YES;
				CODE_SIGN_IDENTITY = "";
				CODE_SIGN_STYLE = Automatic;
				DEFINES_MODULE = YES;
				DEVELOPMENT_TEAM = 2VQ94C2355;
				DYLIB_COMPATIBILITY_VERSION = 1;
				DYLIB_CURRENT_VERSION = 1;
				DYLIB_INSTALL_NAME_BASE = "@rpath";
				HEADER_SEARCH_PATHS = "\"$(SRCROOT)/VideoPreviewer/ffmpeg/include\"";
				INFOPLIST_FILE = VideoPreviewer/Info.plist;
				INSTALL_PATH = "$(LOCAL_LIBRARY_DIR)/Frameworks";
				IPHONEOS_DEPLOYMENT_TARGET = 8.0;
				LD_RUNPATH_SEARCH_PATHS = (
					"$(inherited)",
					"@executable_path/Frameworks",
					"@loader_path/Frameworks",
				);
				LIBRARY_SEARCH_PATHS = (
					"$(inherited)",
					"$(PROJECT_DIR)/VideoPreviewer/ffmpeg/lib",
				);
				MODULEMAP_PRIVATE_FILE = "";
				PRODUCT_BUNDLE_IDENTIFIER = com.eric3u.VideoPreviewer;
				PRODUCT_NAME = "$(TARGET_NAME:c99extidentifier)";
				SKIP_INSTALL = YES;
				SWIFT_INCLUDE_PATHS = "$(SRCROOT)/VideoPreviewer/ffmpeg";
				SWIFT_OBJC_BRIDGING_HEADER = "";
				SWIFT_VERSION = 4.0;
				TARGETED_DEVICE_FAMILY = "1,2";
			};
			name = Release;
		};
		4FF66F6520A57A930083DB0A /* Debug */ = {
			isa = XCBuildConfiguration;
			buildSettings = {
				CODE_SIGN_STYLE = Automatic;
				DEVELOPMENT_TEAM = 2VQ94C2355;
				INFOPLIST_FILE = VideoPreviewerQueueTests/Info.plist;
				LD_RUNPATH_SEARCH_PATHS = (
					"$(inherited)",
					"@executable_path/Frameworks",
					"@loader_path/Frameworks",
				);
				PRODUCT_BUNDLE_IDENTIFIER = com.eric3u.VideoPreviewerQueueTests;
				PRODUCT_NAME = "$(TARGET_NAME)";
				SWIFT_VERSION = 4.0;
				TARGETED_DEVICE_FAMILY = "1,2";
			};
			name = Debug;
		};
		4FF66F6620A57A930083DB0A /* Release */ = {
			isa = XCBuildConfiguration;
			buildSettings = {
				CODE_SIGN_STYLE = Automatic;
				DEVELOPMENT_TEAM = 2VQ94C2355;
				INFOPLIST_FILE = VideoPreviewerQueueTests/Info.plist;
				LD_RUNPATH_SEARCH_PATHS = (
					"$(inherited)",
					"@executable_path/Frameworks",
					"@loader_path/Frameworks",
				);
				PRODUCT_BUNDLE_IDENTIFIER = com.eric3u.VideoPreviewerQueueTests;
				PRODUCT_NAME = "$(TARGET_NAME)";
				SWIFT_VERSION = 4.0;
				TARGETED_DEVICE_FAMILY = "1,2";
			};
			name = Release;
		};
/* End XCBuildConfiguration section */

/* Begin XCConfigurationList section */
		4F113F1320A6B17B00BB0FAB /* Build configuration list for PBXNativeTarget "VideoPreviewerParserTests" */ = {
			isa = XCConfigurationList;
			buildConfigurations = (
				4F113F1420A6B17B00BB0FAB /* Debug */,
				4F113F1520A6B17B00BB0FAB /* Release */,
			);
			defaultConfigurationIsVisible = 0;
			defaultConfigurationName = Release;
		};
		4FF66F3620A57A0F0083DB0A /* Build configuration list for PBXProject "VideoPreviewer" */ = {
			isa = XCConfigurationList;
			buildConfigurations = (
				4FF66F4220A57A0F0083DB0A /* Debug */,
				4FF66F4320A57A0F0083DB0A /* Release */,
			);
			defaultConfigurationIsVisible = 0;
			defaultConfigurationName = Release;
		};
		4FF66F4420A57A0F0083DB0A /* Build configuration list for PBXNativeTarget "VideoPreviewer" */ = {
			isa = XCConfigurationList;
			buildConfigurations = (
				4FF66F4520A57A0F0083DB0A /* Debug */,
				4FF66F4620A57A0F0083DB0A /* Release */,
			);
			defaultConfigurationIsVisible = 0;
			defaultConfigurationName = Release;
		};
		4FF66F6420A57A930083DB0A /* Build configuration list for PBXNativeTarget "VideoPreviewerQueueTests" */ = {
			isa = XCConfigurationList;
			buildConfigurations = (
				4FF66F6520A57A930083DB0A /* Debug */,
				4FF66F6620A57A930083DB0A /* Release */,
			);
			defaultConfigurationIsVisible = 0;
			defaultConfigurationName = Release;
		};
/* End XCConfigurationList section */
	};
	rootObject = 4FF66F3320A57A0F0083DB0A /* Project object */;
}
